{
    "_readme": [
        "This file locks the dependencies of your project to a known state",
        "Read more about it at https://getcomposer.org/doc/01-basic-usage.md#composer-lock-the-lock-file",
        "This file is @generated automatically"
    ],
    "hash": "72914be4a177ac7276688821b1fdd4cc",
    "packages": [
        {
            "name": "fredemmott/definition-finder",
            "version": "v0.3.4",
            "source": {
                "type": "git",
                "url": "https://github.com/fredemmott/definitions-finder.git",
                "reference": "8f6eb161bebadde37d2a031f67e5456c82fe8459"
            },
            "dist": {
                "type": "zip",
                "url": "https://api.github.com/repos/fredemmott/definitions-finder/zipball/8f6eb161bebadde37d2a031f67e5456c82fe8459",
                "reference": "8f6eb161bebadde37d2a031f67e5456c82fe8459",
                "shasum": ""
            },
            "require": {
                "hhvm": "~3.9"
            },
            "require-dev": {
                "hhvm/systemlib-extractor": "^0.1.0",
                "phpunit/phpunit": "4.5.*"
            },
            "type": "library",
            "autoload": {
                "classmap": [
                    "src/"
                ],
                "files": [
                    "src/typedefs.php",
                    "src/utils.php"
                ]
            },
            "notification-url": "https://packagist.org/downloads/",
            "license": [
                "BSD-3-Clause"
            ],
            "description": "Find definitions in PHP or Hack files. Useful for autoloaders.",
            "homepage": "https://github.com/fredemmott/definitions-finder",
            "keywords": [
                "autoload",
                "definitions",
                "hack",
                "hhvm"
            ],
            "time": "2015-08-20 01:26:47"
        }
    ],
    "packages-dev": [],
    "aliases": [],
    "minimum-stability": "stable",
    "stability-flags": [],
    "prefer-stable": false,
    "prefer-lowest": false,
    "platform": {
        "hhvm": "~3.9.0"
    },
    "platform-dev": []
}
